
Microsoft Visual Studio Solution File, Format Version 12.00
# Visual Studio 2012
Project("{FAE04EC0-301F-11D3-BF4B-00C04F79EFBC}") = "Hook", "Hook.csproj", "{C3058BDC-5E03-41DD-B43C-95A0E12F56EE}"
EndProject
Project("{FAE04EC0-301F-11D3-BF4B-00C04F79EFBC}") = "Tests", "..\tests\Tests.csproj", "{B5618B23-A692-4B3F-B90F-DDB430A89484}"
EndProject
Project("{FAE04EC0-301F-11D3-BF4B-00C04F79EFBC}") = "Examples", "Examples\Examples.csproj", "{F8E1C1EB-E84F-4EA5-AD70-50ADF7121D80}"
EndProject
Global
	GlobalSection(SolutionConfigurationPlatforms) = preSolution
		Debug|x86 = Debug|x86
		Release|x86 = Release|x86
		AppStore|Any CPU = AppStore|Any CPU
	EndGlobalSection
	GlobalSection(ProjectConfigurationPlatforms) = postSolution
		{B5618B23-A692-4B3F-B90F-DDB430A89484}.AppStore|Any CPU.ActiveCfg = Debug|x86
		{B5618B23-A692-4B3F-B90F-DDB430A89484}.AppStore|Any CPU.Build.0 = Debug|x86
		{B5618B23-A692-4B3F-B90F-DDB430A89484}.Debug|x86.ActiveCfg = Debug|x86
		{B5618B23-A692-4B3F-B90F-DDB430A89484}.Debug|x86.Build.0 = Debug|x86
		{B5618B23-A692-4B3F-B90F-DDB430A89484}.Release|x86.ActiveCfg = Release|x86
		{B5618B23-A692-4B3F-B90F-DDB430A89484}.Release|x86.Build.0 = Release|x86
		{C3058BDC-5E03-41DD-B43C-95A0E12F56EE}.AppStore|Any CPU.ActiveCfg = Debug|x86
		{C3058BDC-5E03-41DD-B43C-95A0E12F56EE}.AppStore|Any CPU.Build.0 = Debug|x86
		{C3058BDC-5E03-41DD-B43C-95A0E12F56EE}.Debug|x86.ActiveCfg = Debug|x86
		{C3058BDC-5E03-41DD-B43C-95A0E12F56EE}.Debug|x86.Build.0 = Debug|x86
		{C3058BDC-5E03-41DD-B43C-95A0E12F56EE}.Release|x86.ActiveCfg = Release|x86
		{C3058BDC-5E03-41DD-B43C-95A0E12F56EE}.Release|x86.Build.0 = Release|x86
		{F8E1C1EB-E84F-4EA5-AD70-50ADF7121D80}.AppStore|Any CPU.ActiveCfg = AppStore|Any CPU
		{F8E1C1EB-E84F-4EA5-AD70-50ADF7121D80}.AppStore|Any CPU.Build.0 = AppStore|Any CPU
		{F8E1C1EB-E84F-4EA5-AD70-50ADF7121D80}.Debug|x86.ActiveCfg = Debug|Any CPU
		{F8E1C1EB-E84F-4EA5-AD70-50ADF7121D80}.Debug|x86.Build.0 = Debug|Any CPU
		{F8E1C1EB-E84F-4EA5-AD70-50ADF7121D80}.Release|x86.ActiveCfg = Release|Any CPU
		{F8E1C1EB-E84F-4EA5-AD70-50ADF7121D80}.Release|x86.Build.0 = Release|Any CPU
	EndGlobalSection
	GlobalSection(MonoDevelopProperties) = preSolution
		StartupItem = Examples\Examples.csproj
	EndGlobalSection
EndGlobal
